
Microsoft Visual Studio Solution File, Format Version 11.00
# Visual Studio 2010
Project("{FAE04EC0-301F-11D3-BF4B-00C04F79EFBC}") = "4_3", "4_3\4_3.csproj", "{3F1587FC-1A1E-4630-9A64-C47AA08A071F}"
EndProject
Global
	GlobalSection(SolutionConfigurationPlatforms) = preSolution
		Debug|x86 = Debug|x86
		Release|x86 = Release|x86
	EndGlobalSection
	GlobalSection(ProjectConfigurationPlatforms) = postSolution
		{3F1587FC-1A1E-4630-9A64-C47AA08A071F}.Debug|x86.ActiveCfg = Debug|x86
		{3F1587FC-1A1E-4630-9A64-C47AA08A071F}.Debug|x86.Build.0 = Debug|x86
		{3F1587FC-1A1E-4630-9A64-C47AA08A071F}.Release|x86.ActiveCfg = Release|x86
		{3F1587FC-1A1E-4630-9A64-C47AA08A071F}.Release|x86.Build.0 = Release|x86
	EndGlobalSection
	GlobalSection(SolutionProperties) = preSolution
		HideSolutionNode = FALSE
	EndGlobalSection
EndGlobal
