
Microsoft Visual Studio Solution File, Format Version 11.00
# Visual Studio 2010
Project("{FAE04EC0-301F-11D3-BF4B-00C04F79EFBC}") = "7_3", "7_3\7_3.csproj", "{C095077F-7407-4719-8951-5E87ED00A3FC}"
EndProject
Global
	GlobalSection(SolutionConfigurationPlatforms) = preSolution
		Debug|x86 = Debug|x86
		Release|x86 = Release|x86
	EndGlobalSection
	GlobalSection(ProjectConfigurationPlatforms) = postSolution
		{C095077F-7407-4719-8951-5E87ED00A3FC}.Debug|x86.ActiveCfg = Debug|x86
		{C095077F-7407-4719-8951-5E87ED00A3FC}.Debug|x86.Build.0 = Debug|x86
		{C095077F-7407-4719-8951-5E87ED00A3FC}.Release|x86.ActiveCfg = Release|x86
		{C095077F-7407-4719-8951-5E87ED00A3FC}.Release|x86.Build.0 = Release|x86
	EndGlobalSection
	GlobalSection(SolutionProperties) = preSolution
		HideSolutionNode = FALSE
	EndGlobalSection
EndGlobal
