
Microsoft Visual Studio Solution File, Format Version 11.00
# Visual Studio 2010
Project("{FAE04EC0-301F-11D3-BF4B-00C04F79EFBC}") = "calculatePlus", "calculatePlus\calculatePlus.csproj", "{AB1530A8-4E36-4B45-9C15-8E65944002D7}"
EndProject
Global
	GlobalSection(SolutionConfigurationPlatforms) = preSolution
		Debug|x86 = Debug|x86
		Release|x86 = Release|x86
	EndGlobalSection
	GlobalSection(ProjectConfigurationPlatforms) = postSolution
		{AB1530A8-4E36-4B45-9C15-8E65944002D7}.Debug|x86.ActiveCfg = Debug|x86
		{AB1530A8-4E36-4B45-9C15-8E65944002D7}.Debug|x86.Build.0 = Debug|x86
		{AB1530A8-4E36-4B45-9C15-8E65944002D7}.Release|x86.ActiveCfg = Release|x86
		{AB1530A8-4E36-4B45-9C15-8E65944002D7}.Release|x86.Build.0 = Release|x86
	EndGlobalSection
	GlobalSection(SolutionProperties) = preSolution
		HideSolutionNode = FALSE
	EndGlobalSection
EndGlobal
