
Microsoft Visual Studio Solution File, Format Version 11.00
# Visual Studio 2010
Project("{FAE04EC0-301F-11D3-BF4B-00C04F79EFBC}") = "5_1", "5_1\5_1.csproj", "{C2AA422F-9128-4B5C-9728-FF567AFF3EA3}"
EndProject
Global
	GlobalSection(SolutionConfigurationPlatforms) = preSolution
		Debug|x86 = Debug|x86
		Release|x86 = Release|x86
	EndGlobalSection
	GlobalSection(ProjectConfigurationPlatforms) = postSolution
		{C2AA422F-9128-4B5C-9728-FF567AFF3EA3}.Debug|x86.ActiveCfg = Debug|x86
		{C2AA422F-9128-4B5C-9728-FF567AFF3EA3}.Debug|x86.Build.0 = Debug|x86
		{C2AA422F-9128-4B5C-9728-FF567AFF3EA3}.Release|x86.ActiveCfg = Release|x86
		{C2AA422F-9128-4B5C-9728-FF567AFF3EA3}.Release|x86.Build.0 = Release|x86
	EndGlobalSection
	GlobalSection(SolutionProperties) = preSolution
		HideSolutionNode = FALSE
	EndGlobalSection
EndGlobal
